// !$*UTF8*$!
{
	archiveVersion = 1;
	classes = {
	};
	objectVersion = 55;
	objects = {

/* Begin PBXBuildFile section */
		14C5EE7A28FB06C2002B28C6 /* MindWApp.swift in Sources */ = {isa = PBXBuildFile; fileRef = 14C5EE7928FB06C2002B28C6 /* MindWApp.swift */; };
		14C5EE7C28FB06C2002B28C6 /* ContentView.swift in Sources */ = {isa = PBXBuildFile; fileRef = 14C5EE7B28FB06C2002B28C6 /* ContentView.swift */; };
		14C5EE7E28FB06C3002B28C6 /* Assets.xcassets in Resources */ = {isa = PBXBuildFile; fileRef = 14C5EE7D28FB06C3002B28C6 /* Assets.xcassets */; };
		14C5EE8128FB06C3002B28C6 /* Preview Assets.xcassets in Resources */ = {isa = PBXBuildFile; fileRef = 14C5EE8028FB06C3002B28C6 /* Preview Assets.xcassets */; };
		14C5EE8B28FB06C3002B28C6 /* MindWTests.swift in Sources */ = {isa = PBXBuildFile; fileRef = 14C5EE8A28FB06C3002B28C6 /* MindWTests.swift */; };
		14C5EE9528FB06C3002B28C6 /* MindWUITests.swift in Sources */ = {isa = PBXBuildFile; fileRef = 14C5EE9428FB06C3002B28C6 /* MindWUITests.swift */; };
		14C5EE9728FB06C3002B28C6 /* MindWUITestsLaunchTests.swift in Sources */ = {isa = PBXBuildFile; fileRef = 14C5EE9628FB06C3002B28C6 /* MindWUITestsLaunchTests.swift */; };
/* End PBXBuildFile section */

/* Begin PBXContainerItemProxy section */
		14C5EE8728FB06C3002B28C6 /* PBXContainerItemProxy */ = {
			isa = PBXContainerItemProxy;
			containerPortal = 14C5EE6E28FB06C2002B28C6 /* Project object */;
			proxyType = 1;
			remoteGlobalIDString = 14C5EE7528FB06C2002B28C6;
			remoteInfo = MindW;
		};
		14C5EE9128FB06C3002B28C6 /* PBXContainerItemProxy */ = {
			isa = PBXContainerItemProxy;
			containerPortal = 14C5EE6E28FB06C2002B28C6 /* Project object */;
			proxyType = 1;
			remoteGlobalIDString = 14C5EE7528FB06C2002B28C6;
			remoteInfo = MindW;
		};
/* End PBXContainerItemProxy section */

/* Begin PBXFileReference section */
		14C5EE7628FB06C2002B28C6 /* MindW.app */ = {isa = PBXFileReference; explicitFileType = wrapper.application; includeInIndex = 0; path = MindW.app; sourceTree = BUILT_PRODUCTS_DIR; };
		14C5EE7928FB06C2002B28C6 /* MindWApp.swift */ = {isa = PBXFileReference; lastKnownFileType = sourcecode.swift; path = MindWApp.swift; sourceTree = "<group>"; };
		14C5EE7B28FB06C2002B28C6 /* ContentView.swift */ = {isa = PBXFileReference; lastKnownFileType = sourcecode.swift; path = ContentView.swift; sourceTree = "<group>"; };
		14C5EE7D28FB06C3002B28C6 /* Assets.xcassets */ = {isa = PBXFileReference; lastKnownFileType = folder.assetcatalog; path = Assets.xcassets; sourceTree = "<group>"; };
		14C5EE8028FB06C3002B28C6 /* Preview Assets.xcassets */ = {isa = PBXFileReference; lastKnownFileType = folder.assetcatalog; path = "Preview Assets.xcassets"; sourceTree = "<group>"; };
		14C5EE8628FB06C3002B28C6 /* MindWTests.xctest */ = {isa = PBXFileReference; explicitFileType = wrapper.cfbundle; includeInIndex = 0; path = MindWTests.xctest; sourceTree = BUILT_PRODUCTS_DIR; };
		14C5EE8A28FB06C3002B28C6 /* MindWTests.swift */ = {isa = PBXFileReference; lastKnownFileType = sourcecode.swift; path = MindWTests.swift; sourceTree = "<group>"; };
		14C5EE9028FB06C3002B28C6 /* MindWUITests.xctest */ = {isa = PBXFileReference; explicitFileType = wrapper.cfbundle; includeInIndex = 0; path = MindWUITests.xctest; sourceTree = BUILT_PRODUCTS_DIR; };
		14C5EE9428FB06C3002B28C6 /* MindWUITests.swift */ = {isa = PBXFileReference; lastKnownFileType = sourcecode.swift; path = MindWUITests.swift; sourceTree = "<group>"; };
		14C5EE9628FB06C3002B28C6 /* MindWUITestsLaunchTests.swift */ = {isa = PBXFileReference; lastKnownFileType = sourcecode.swift; path = MindWUITestsLaunchTests.swift; sourceTree = "<group>"; };
/* End PBXFileReference section */

/* Begin PBXFrameworksBuildPhase section */
		14C5EE7328FB06C2002B28C6 /* Frameworks */ = {
			isa = PBXFrameworksBuildPhase;
			buildActionMask = 2147483647;
			files = (
			);
			runOnlyForDeploymentPostprocessing = 0;
		};
		14C5EE8328FB06C3002B28C6 /* Frameworks */ = {
			isa = PBXFrameworksBuildPhase;
			buildActionMask = 2147483647;
			files = (
			);
			runOnlyForDeploymentPostprocessing = 0;
		};
		14C5EE8D28FB06C3002B28C6 /* Frameworks */ = {
			isa = PBXFrameworksBuildPhase;
			buildActionMask = 2147483647;
			files = (
			);
			runOnlyForDeploymentPostprocessing = 0;
		};
/* End PBXFrameworksBuildPhase section */

/* Begin PBXGroup section */
		14C5EE6D28FB06C2002B28C6 = {
			isa = PBXGroup;
			children = (
				14C5EE7828FB06C2002B28C6 /* MindW */,
				14C5EE8928FB06C3002B28C6 /* MindWTests */,
				14C5EE9328FB06C3002B28C6 /* MindWUITests */,
				14C5EE7728FB06C2002B28C6 /* Products */,
			);
			sourceTree = "<group>";
		};
		14C5EE7728FB06C2002B28C6 /* Products */ = {
			isa = PBXGroup;
			children = (
				14C5EE7628FB06C2002B28C6 /* MindW.app */,
				14C5EE8628FB06C3002B28C6 /* MindWTests.xctest */,
				14C5EE9028FB06C3002B28C6 /* MindWUITests.xctest */,
			);
			name = Products;
			sourceTree = "<group>";
		};
		14C5EE7828FB06C2002B28C6 /* MindW */ = {
			isa = PBXGroup;
			children = (
				14C5EE7928FB06C2002B28C6 /* MindWApp.swift */,
				14C5EE7B28FB06C2002B28C6 /* ContentView.swift */,
				14C5EE7D28FB06C3002B28C6 /* Assets.xcassets */,
				14C5EE7F28FB06C3002B28C6 /* Preview Content */,
			);
			path = MindW;
			sourceTree = "<group>";
		};
		14C5EE7F28FB06C3002B28C6 /* Preview Content */ = {
			isa = PBXGroup;
			children = (
				14C5EE8028FB06C3002B28C6 /* Preview Assets.xcassets */,
			);
			path = "Preview Content";
			sourceTree = "<group>";
		};
		14C5EE8928FB06C3002B28C6 /* MindWTests */ = {
			isa = PBXGroup;
			children = (
				14C5EE8A28FB06C3002B28C6 /* MindWTests.swift */,
			);
			path = MindWTests;
			sourceTree = "<group>";
		};
		14C5EE9328FB06C3002B28C6 /* MindWUITests */ = {
			isa = PBXGroup;
			children = (
				14C5EE9428FB06C3002B28C6 /* MindWUITests.swift */,
				14C5EE9628FB06C3002B28C6 /* MindWUITestsLaunchTests.swift */,
			);
			path = MindWUITests;
			sourceTree = "<group>";
		};
/* End PBXGroup section */

/* Begin PBXNativeTarget section */
		14C5EE7528FB06C2002B28C6 /* MindW */ = {
			isa = PBXNativeTarget;
			buildConfigurationList = 14C5EE9A28FB06C3002B28C6 /* Build configuration list for PBXNativeTarget "MindW" */;
			buildPhases = (
				14C5EE7228FB06C2002B28C6 /* Sources */,
				14C5EE7328FB06C2002B28C6 /* Frameworks */,
				14C5EE7428FB06C2002B28C6 /* Resources */,
			);
			buildRules = (
			);
			dependencies = (
			);
			name = MindW;
			productName = MindW;
			productReference = 14C5EE7628FB06C2002B28C6 /* MindW.app */;
			productType = "com.apple.product-type.application";
		};
		14C5EE8528FB06C3002B28C6 /* MindWTests */ = {
			isa = PBXNativeTarget;
			buildConfigurationList = 14C5EE9D28FB06C3002B28C6 /* Build configuration list for PBXNativeTarget "MindWTests" */;
			buildPhases = (
				14C5EE8228FB06C3002B28C6 /* Sources */,
				14C5EE8328FB06C3002B28C6 /* Frameworks */,
				14C5EE8428FB06C3002B28C6 /* Resources */,
			);
			buildRules = (
			);
			dependencies = (
				14C5EE8828FB06C3002B28C6 /* PBXTargetDependency */,
			);
			name = MindWTests;
			productName = MindWTests;
			productReference = 14C5EE8628FB06C3002B28C6 /* MindWTests.xctest */;
			productType = "com.apple.product-type.bundle.unit-test";
		};
		14C5EE8F28FB06C3002B28C6 /* MindWUITests */ = {
			isa = PBXNativeTarget;
			buildConfigurationList = 14C5EEA028FB06C3002B28C6 /* Build configuration list for PBXNativeTarget "MindWUITests" */;
			buildPhases = (
				14C5EE8C28FB06C3002B28C6 /* Sources */,
				14C5EE8D28FB06C3002B28C6 /* Frameworks */,
				14C5EE8E28FB06C3002B28C6 /* Resources */,
			);
			buildRules = (
			);
			dependencies = (
				14C5EE9228FB06C3002B28C6 /* PBXTargetDependency */,
			);
			name = MindWUITests;
			productName = MindWUITests;
			productReference = 14C5EE9028FB06C3002B28C6 /* MindWUITests.xctest */;
			productType = "com.apple.product-type.bundle.ui-testing";
		};
/* End PBXNativeTarget section */

/* Begin PBXProject section */
		14C5EE6E28FB06C2002B28C6 /* Project object */ = {
			isa = PBXProject;
			attributes = {
				BuildIndependentTargetsInParallel = 1;
				LastSwiftUpdateCheck = 1340;
				LastUpgradeCheck = 1340;
				TargetAttributes = {
					14C5EE7528FB06C2002B28C6 = {
						CreatedOnToolsVersion = 13.4.1;
					};
					14C5EE8528FB06C3002B28C6 = {
						CreatedOnToolsVersion = 13.4.1;
						TestTargetID = 14C5EE7528FB06C2002B28C6;
					};
					14C5EE8F28FB06C3002B28C6 = {
						CreatedOnToolsVersion = 13.4.1;
						TestTargetID = 14C5EE7528FB06C2002B28C6;
					};
				};
			};
			buildConfigurationList = 14C5EE7128FB06C2002B28C6 /* Build configuration list for PBXProject "MindW" */;
			compatibilityVersion = "Xcode 13.0";
			developmentRegion = en;
			hasScannedForEncodings = 0;
			knownRegions = (
				en,
				Base,
			);
			mainGroup = 14C5EE6D28FB06C2002B28C6;
			productRefGroup = 14C5EE7728FB06C2002B28C6 /* Products */;
			projectDirPath = "";
			projectRoot = "";
			targets = (
				14C5EE7528FB06C2002B28C6 /* MindW */,
				14C5EE8528FB06C3002B28C6 /* MindWTests */,
				14C5EE8F28FB06C3002B28C6 /* MindWUITests */,
			);
		};
/* End PBXProject section */

/* Begin PBXResourcesBuildPhase section */
		14C5EE7428FB06C2002B28C6 /* Resources */ = {
			isa = PBXResourcesBuildPhase;
			buildActionMask = 2147483647;
			files = (
				14C5EE8128FB06C3002B28C6 /* Preview Assets.xcassets in Resources */,
				14C5EE7E28FB06C3002B28C6 /* Assets.xcassets in Resources */,
			);
			runOnlyForDeploymentPostprocessing = 0;
		};
		14C5EE8428FB06C3002B28C6 /* Resources */ = {
			isa = PBXResourcesBuildPhase;
			buildActionMask = 2147483647;
			files = (
			);
			runOnlyForDeploymentPostprocessing = 0;
		};
		14C5EE8E28FB06C3002B28C6 /* Resources */ = {
			isa = PBXResourcesBuildPhase;
			buildActionMask = 2147483647;
			files = (
			);
			runOnlyForDeploymentPostprocessing = 0;
		};
/* End PBXResourcesBuildPhase section */

/* Begin PBXSourcesBuildPhase section */
		14C5EE7228FB06C2002B28C6 /* Sources */ = {
			isa = PBXSourcesBuildPhase;
			buildActionMask = 2147483647;
			files = (
				14C5EE7C28FB06C2002B28C6 /* ContentView.swift in Sources */,
				14C5EE7A28FB06C2002B28C6 /* MindWApp.swift in Sources */,
			);
			runOnlyForDeploymentPostprocessing = 0;
		};
		14C5EE8228FB06C3002B28C6 /* Sources */ = {
			isa = PBXSourcesBuildPhase;
			buildActionMask = 2147483647;
			files = (
				14C5EE8B28FB06C3002B28C6 /* MindWTests.swift in Sources */,
			);
			runOnlyForDeploymentPostprocessing = 0;
		};
		14C5EE8C28FB06C3002B28C6 /* Sources */ = {
			isa = PBXSourcesBuildPhase;
			buildActionMask = 2147483647;
			files = (
				14C5EE9728FB06C3002B28C6 /* MindWUITestsLaunchTests.swift in Sources */,
				14C5EE9528FB06C3002B28C6 /* MindWUITests.swift in Sources */,
			);
			runOnlyForDeploymentPostprocessing = 0;
		};
/* End PBXSourcesBuildPhase section */

/* Begin PBXTargetDependency section */
		14C5EE8828FB06C3002B28C6 /* PBXTargetDependency */ = {
			isa = PBXTargetDependency;
			target = 14C5EE7528FB06C2002B28C6 /* MindW */;
			targetProxy = 14C5EE8728FB06C3002B28C6 /* PBXContainerItemProxy */;
		};
		14C5EE9228FB06C3002B28C6 /* PBXTargetDependency */ = {
			isa = PBXTargetDependency;
			target = 14C5EE7528FB06C2002B28C6 /* MindW */;
			targetProxy = 14C5EE9128FB06C3002B28C6 /* PBXContainerItemProxy */;
		};
/* End PBXTargetDependency section */

/* Begin XCBuildConfiguration section */
		14C5EE9828FB06C3002B28C6 /* Debug */ = {
			isa = XCBuildConfiguration;
			buildSettings = {
				ALWAYS_SEARCH_USER_PATHS = NO;
				CLANG_ANALYZER_NONNULL = YES;
				CLANG_ANALYZER_NUMBER_OBJECT_CONVERSION = YES_AGGRESSIVE;
				CLANG_CXX_LANGUAGE_STANDARD = "gnu++17";
				CLANG_ENABLE_MODULES = YES;
				CLANG_ENABLE_OBJC_ARC = YES;
				CLANG_ENABLE_OBJC_WEAK = YES;
				CLANG_WARN_BLOCK_CAPTURE_AUTORELEASING = YES;
				CLANG_WARN_BOOL_CONVERSION = YES;
				CLANG_WARN_COMMA = YES;
				CLANG_WARN_CONSTANT_CONVERSION = YES;
				CLANG_WARN_DEPRECATED_OBJC_IMPLEMENTATIONS = YES;
				CLANG_WARN_DIRECT_OBJC_ISA_USAGE = YES_ERROR;
				CLANG_WARN_DOCUMENTATION_COMMENTS = YES;
				CLANG_WARN_EMPTY_BODY = YES;
				CLANG_WARN_ENUM_CONVERSION = YES;
				CLANG_WARN_INFINITE_RECURSION = YES;
				CLANG_WARN_INT_CONVERSION = YES;
				CLANG_WARN_NON_LITERAL_NULL_CONVERSION = YES;
				CLANG_WARN_OBJC_IMPLICIT_RETAIN_SELF = YES;
				CLANG_WARN_OBJC_LITERAL_CONVERSION = YES;
				CLANG_WARN_OBJC_ROOT_CLASS = YES_ERROR;
				CLANG_WARN_QUOTED_INCLUDE_IN_FRAMEWORK_HEADER = YES;
				CLANG_WARN_RANGE_LOOP_ANALYSIS = YES;
				CLANG_WARN_STRICT_PROTOTYPES = YES;
				CLANG_WARN_SUSPICIOUS_MOVE = YES;
				CLANG_WARN_UNGUARDED_AVAILABILITY = YES_AGGRESSIVE;
				CLANG_WARN_UNREACHABLE_CODE = YES;
				CLANG_WARN__DUPLICATE_METHOD_MATCH = YES;
				COPY_PHASE_STRIP = NO;
				DEBUG_INFORMATION_FORMAT = dwarf;
				ENABLE_STRICT_OBJC_MSGSEND = YES;
				ENABLE_TESTABILITY = YES;
				GCC_C_LANGUAGE_STANDARD = gnu11;
				GCC_DYNAMIC_NO_PIC = NO;
				GCC_NO_COMMON_BLOCKS = YES;
				GCC_OPTIMIZATION_LEVEL = 0;
				GCC_PREPROCESSOR_DEFINITIONS = (
					"DEBUG=1",
					"$(inherited)",
				);
				GCC_WARN_64_TO_32_BIT_CONVERSION = YES;
				GCC_WARN_ABOUT_RETURN_TYPE = YES_ERROR;
				GCC_WARN_UNDECLARED_SELECTOR = YES;
				GCC_WARN_UNINITIALIZED_AUTOS = YES_AGGRESSIVE;
				GCC_WARN_UNUSED_FUNCTION = YES;
				GCC_WARN_UNUSED_VARIABLE = YES;
				IPHONEOS_DEPLOYMENT_TARGET = 15.5;
				MTL_ENABLE_DEBUG_INFO = INCLUDE_SOURCE;
				MTL_FAST_MATH = YES;
				ONLY_ACTIVE_ARCH = YES;
				SDKROOT = iphoneos;
				SWIFT_ACTIVE_COMPILATION_CONDITIONS = DEBUG;
				SWIFT_OPTIMIZATION_LEVEL = "-Onone";
			};
			name = Debug;
		};
		14C5EE9928FB06C3002B28C6 /* Release */ = {
			isa = XCBuildConfiguration;
			buildSettings = {
				ALWAYS_SEARCH_USER_PATHS = NO;
				CLANG_ANALYZER_NONNULL = YES;
				CLANG_ANALYZER_NUMBER_OBJECT_CONVERSION = YES_AGGRESSIVE;
				CLANG_CXX_LANGUAGE_STANDARD = "gnu++17";
				CLANG_ENABLE_MODULES = YES;
				CLANG_ENABLE_OBJC_ARC = YES;
				CLANG_ENABLE_OBJC_WEAK = YES;
				CLANG_WARN_BLOCK_CAPTURE_AUTORELEASING = YES;
				CLANG_WARN_BOOL_CONVERSION = YES;
				CLANG_WARN_COMMA = YES;
				CLANG_WARN_CONSTANT_CONVERSION = YES;
				CLANG_WARN_DEPRECATED_OBJC_IMPLEMENTATIONS = YES;
				CLANG_WARN_DIRECT_OBJC_ISA_USAGE = YES_ERROR;
				CLANG_WARN_DOCUMENTATION_COMMENTS = YES;
				CLANG_WARN_EMPTY_BODY = YES;
				CLANG_WARN_ENUM_CONVERSION = YES;
				CLANG_WARN_INFINITE_RECURSION = YES;
				CLANG_WARN_INT_CONVERSION = YES;
				CLANG_WARN_NON_LITERAL_NULL_CONVERSION = YES;
				CLANG_WARN_OBJC_IMPLICIT_RETAIN_SELF = YES;
				CLANG_WARN_OBJC_LITERAL_CONVERSION = YES;
				CLANG_WARN_OBJC_ROOT_CLASS = YES_ERROR;
				CLANG_WARN_QUOTED_INCLUDE_IN_FRAMEWORK_HEADER = YES;
				CLANG_WARN_RANGE_LOOP_ANALYSIS = YES;
				CLANG_WARN_STRICT_PROTOTYPES = YES;
				CLANG_WARN_SUSPICIOUS_MOVE = YES;
				CLANG_WARN_UNGUARDED_AVAILABILITY = YES_AGGRESSIVE;
				CLANG_WARN_UNREACHABLE_CODE = YES;
				CLANG_WARN__DUPLICATE_METHOD_MATCH = YES;
				COPY_PHASE_STRIP = NO;
				DEBUG_INFORMATION_FORMAT = "dwarf-with-dsym";
				ENABLE_NS_ASSERTIONS = NO;
				ENABLE_STRICT_OBJC_MSGSEND = YES;
				GCC_C_LANGUAGE_STANDARD = gnu11;
				GCC_NO_COMMON_BLOCKS = YES;
				GCC_WARN_64_TO_32_BIT_CONVERSION = YES;
				GCC_WARN_ABOUT_RETURN_TYPE = YES_ERROR;
				GCC_WARN_UNDECLARED_SELECTOR = YES;
				GCC_WARN_UNINITIALIZED_AUTOS = YES_AGGRESSIVE;
				GCC_WARN_UNUSED_FUNCTION = YES;
				GCC_WARN_UNUSED_VARIABLE = YES;
				IPHONEOS_DEPLOYMENT_TARGET = 15.5;
				MTL_ENABLE_DEBUG_INFO = NO;
				MTL_FAST_MATH = YES;
				SDKROOT = iphoneos;
				SWIFT_COMPILATION_MODE = wholemodule;
				SWIFT_OPTIMIZATION_LEVEL = "-O";
				VALIDATE_PRODUCT = YES;
			};
			name = Release;
		};
		14C5EE9B28FB06C3002B28C6 /* Debug */ = {
			isa = XCBuildConfiguration;
			buildSettings = {
				ASSETCATALOG_COMPILER_APPICON_NAME = AppIcon;
				ASSETCATALOG_COMPILER_GLOBAL_ACCENT_COLOR_NAME = AccentColor;
				CODE_SIGN_STYLE = Automatic;
				CURRENT_PROJECT_VERSION = 1;
				DEVELOPMENT_ASSET_PATHS = "\"MindW/Preview Content\"";
				ENABLE_PREVIEWS = YES;
				GENERATE_INFOPLIST_FILE = YES;
				INFOPLIST_KEY_UIApplicationSceneManifest_Generation = YES;
				INFOPLIST_KEY_UIApplicationSupportsIndirectInputEvents = YES;
				INFOPLIST_KEY_UILaunchScreen_Generation = YES;
				INFOPLIST_KEY_UISupportedInterfaceOrientations_iPad = "UIInterfaceOrientationPortrait UIInterfaceOrientationPortraitUpsideDown UIInterfaceOrientationLandscapeLeft UIInterfaceOrientationLandscapeRight";
				INFOPLIST_KEY_UISupportedInterfaceOrientations_iPhone = "UIInterfaceOrientationPortrait UIInterfaceOrientationLandscapeLeft UIInterfaceOrientationLandscapeRight";
				LD_RUNPATH_SEARCH_PATHS = (
					"$(inherited)",
					"@executable_path/Frameworks",
				);
				MARKETING_VERSION = 1.0;
				PRODUCT_BUNDLE_IDENTIFIER = com.ravco.MindW;
				PRODUCT_NAME = "$(TARGET_NAME)";
				SWIFT_EMIT_LOC_STRINGS = YES;
				SWIFT_VERSION = 5.0;
				TARGETED_DEVICE_FAMILY = "1,2";
			};
			name = Debug;
		};
		14C5EE9C28FB06C3002B28C6 /* Release */ = {
			isa = XCBuildConfiguration;
			buildSettings = {
				ASSETCATALOG_COMPILER_APPICON_NAME = AppIcon;
				ASSETCATALOG_COMPILER_GLOBAL_ACCENT_COLOR_NAME = AccentColor;
				CODE_SIGN_STYLE = Automatic;
				CURRENT_PROJECT_VERSION = 1;
				DEVELOPMENT_ASSET_PATHS = "\"MindW/Preview Content\"";
				ENABLE_PREVIEWS = YES;
				GENERATE_INFOPLIST_FILE = YES;
				INFOPLIST_KEY_UIApplicationSceneManifest_Generation = YES;
				INFOPLIST_KEY_UIApplicationSupportsIndirectInputEvents = YES;
				INFOPLIST_KEY_UILaunchScreen_Generation = YES;
				INFOPLIST_KEY_UISupportedInterfaceOrientations_iPad = "UIInterfaceOrientationPortrait UIInterfaceOrientationPortraitUpsideDown UIInterfaceOrientationLandscapeLeft UIInterfaceOrientationLandscapeRight";
				INFOPLIST_KEY_UISupportedInterfaceOrientations_iPhone = "UIInterfaceOrientationPortrait UIInterfaceOrientationLandscapeLeft UIInterfaceOrientationLandscapeRight";
				LD_RUNPATH_SEARCH_PATHS = (
					"$(inherited)",
					"@executable_path/Frameworks",
				);
				MARKETING_VERSION = 1.0;
				PRODUCT_BUNDLE_IDENTIFIER = com.ravco.MindW;
				PRODUCT_NAME = "$(TARGET_NAME)";
				SWIFT_EMIT_LOC_STRINGS = YES;
				SWIFT_VERSION = 5.0;
				TARGETED_DEVICE_FAMILY = "1,2";
			};
			name = Release;
		};
		14C5EE9E28FB06C3002B28C6 /* Debug */ = {
			isa = XCBuildConfiguration;
			buildSettings = {
				ALWAYS_EMBED_SWIFT_STANDARD_LIBRARIES = YES;
				BUNDLE_LOADER = "$(TEST_HOST)";
				CODE_SIGN_STYLE = Automatic;
				CURRENT_PROJECT_VERSION = 1;
				GENERATE_INFOPLIST_FILE = YES;
				IPHONEOS_DEPLOYMENT_TARGET = 15.5;
				MARKETING_VERSION = 1.0;
				PRODUCT_BUNDLE_IDENTIFIER = com.ravco.MindWTests;
				PRODUCT_NAME = "$(TARGET_NAME)";
				SWIFT_EMIT_LOC_STRINGS = NO;
				SWIFT_VERSION = 5.0;
				TARGETED_DEVICE_FAMILY = "1,2";
				TEST_HOST = "$(BUILT_PRODUCTS_DIR)/MindW.app/MindW";
			};
			name = Debug;
		};
		14C5EE9F28FB06C3002B28C6 /* Release */ = {
			isa = XCBuildConfiguration;
			buildSettings = {
				ALWAYS_EMBED_SWIFT_STANDARD_LIBRARIES = YES;
				BUNDLE_LOADER = "$(TEST_HOST)";
				CODE_SIGN_STYLE = Automatic;
				CURRENT_PROJECT_VERSION = 1;
				GENERATE_INFOPLIST_FILE = YES;
				IPHONEOS_DEPLOYMENT_TARGET = 15.5;
				MARKETING_VERSION = 1.0;
				PRODUCT_BUNDLE_IDENTIFIER = com.ravco.MindWTests;
				PRODUCT_NAME = "$(TARGET_NAME)";
				SWIFT_EMIT_LOC_STRINGS = NO;
				SWIFT_VERSION = 5.0;
				TARGETED_DEVICE_FAMILY = "1,2";
				TEST_HOST = "$(BUILT_PRODUCTS_DIR)/MindW.app/MindW";
			};
			name = Release;
		};
		14C5EEA128FB06C3002B28C6 /* Debug */ = {
			isa = XCBuildConfiguration;
			buildSettings = {
				ALWAYS_EMBED_SWIFT_STANDARD_LIBRARIES = YES;
				CODE_SIGN_STYLE = Automatic;
				CURRENT_PROJECT_VERSION = 1;
				GENERATE_INFOPLIST_FILE = YES;
				MARKETING_VERSION = 1.0;
				PRODUCT_BUNDLE_IDENTIFIER = com.ravco.MindWUITests;
				PRODUCT_NAME = "$(TARGET_NAME)";
				SWIFT_EMIT_LOC_STRINGS = NO;
				SWIFT_VERSION = 5.0;
				TARGETED_DEVICE_FAMILY = "1,2";
				TEST_TARGET_NAME = MindW;
			};
			name = Debug;
		};
		14C5EEA228FB06C3002B28C6 /* Release */ = {
			isa = XCBuildConfiguration;
			buildSettings = {
				ALWAYS_EMBED_SWIFT_STANDARD_LIBRARIES = YES;
				CODE_SIGN_STYLE = Automatic;
				CURRENT_PROJECT_VERSION = 1;
				GENERATE_INFOPLIST_FILE = YES;
				MARKETING_VERSION = 1.0;
				PRODUCT_BUNDLE_IDENTIFIER = com.ravco.MindWUITests;
				PRODUCT_NAME = "$(TARGET_NAME)";
				SWIFT_EMIT_LOC_STRINGS = NO;
				SWIFT_VERSION = 5.0;
				TARGETED_DEVICE_FAMILY = "1,2";
				TEST_TARGET_NAME = MindW;
			};
			name = Release;
		};
/* End XCBuildConfiguration section */

/* Begin XCConfigurationList section */
		14C5EE7128FB06C2002B28C6 /* Build configuration list for PBXProject "MindW" */ = {
			isa = XCConfigurationList;
			buildConfigurations = (
				14C5EE9828FB06C3002B28C6 /* Debug */,
				14C5EE9928FB06C3002B28C6 /* Release */,
			);
			defaultConfigurationIsVisible = 0;
			defaultConfigurationName = Release;
		};
		14C5EE9A28FB06C3002B28C6 /* Build configuration list for PBXNativeTarget "MindW" */ = {
			isa = XCConfigurationList;
			buildConfigurations = (
				14C5EE9B28FB06C3002B28C6 /* Debug */,
				14C5EE9C28FB06C3002B28C6 /* Release */,
			);
			defaultConfigurationIsVisible = 0;
			defaultConfigurationName = Release;
		};
		14C5EE9D28FB06C3002B28C6 /* Build configuration list for PBXNativeTarget "MindWTests" */ = {
			isa = XCConfigurationList;
			buildConfigurations = (
				14C5EE9E28FB06C3002B28C6 /* Debug */,
				14C5EE9F28FB06C3002B28C6 /* Release */,
			);
			defaultConfigurationIsVisible = 0;
			defaultConfigurationName = Release;
		};
		14C5EEA028FB06C3002B28C6 /* Build configuration list for PBXNativeTarget "MindWUITests" */ = {
			isa = XCConfigurationList;
			buildConfigurations = (
				14C5EEA128FB06C3002B28C6 /* Debug */,
				14C5EEA228FB06C3002B28C6 /* Release */,
			);
			defaultConfigurationIsVisible = 0;
			defaultConfigurationName = Release;
		};
/* End XCConfigurationList section */
	};
	rootObject = 14C5EE6E28FB06C2002B28C6 /* Project object */;
}
